
Microsoft Visual Studio Solution File, Format Version 12.00
# Visual Studio 14
VisualStudioVersion = 14.0.25420.1
MinimumVisualStudioVersion = 10.0.40219.1
Project("{FAE04EC0-301F-11D3-BF4B-00C04F79EFBC}") = "Poseidon.Infrastructure.Core", "Poseidon.Infrastructure.Core\Poseidon.Infrastructure.Core.csproj", "{9491E170-46F1-4CF0-B0C4-8B32E1F4CD00}"
EndProject
Project("{FAE04EC0-301F-11D3-BF4B-00C04F79EFBC}") = "Poseidon.Infrastructure.ClientDx", "Poseidon.Infrastructure.ClientDx\Poseidon.Infrastructure.ClientDx.csproj", "{01CC772D-D7F7-4CD3-BD82-5EDB51ECDBDF}"
EndProject
Project("{FAE04EC0-301F-11D3-BF4B-00C04F79EFBC}") = "Poseidon.Infrastructure.Test", "Poseidon.Infrastructure.Test\Poseidon.Infrastructure.Test.csproj", "{02302F64-3F93-4A15-9CA0-1469AC9AC8FA}"
EndProject
Global
	GlobalSection(SolutionConfigurationPlatforms) = preSolution
		Debug|Any CPU = Debug|Any CPU
		Release|Any CPU = Release|Any CPU
	EndGlobalSection
	GlobalSection(ProjectConfigurationPlatforms) = postSolution
		{9491E170-46F1-4CF0-B0C4-8B32E1F4CD00}.Debug|Any CPU.ActiveCfg = Debug|Any CPU
		{9491E170-46F1-4CF0-B0C4-8B32E1F4CD00}.Debug|Any CPU.Build.0 = Debug|Any CPU
		{9491E170-46F1-4CF0-B0C4-8B32E1F4CD00}.Release|Any CPU.ActiveCfg = Release|Any CPU
		{9491E170-46F1-4CF0-B0C4-8B32E1F4CD00}.Release|Any CPU.Build.0 = Release|Any CPU
		{01CC772D-D7F7-4CD3-BD82-5EDB51ECDBDF}.Debug|Any CPU.ActiveCfg = Debug|Any CPU
		{01CC772D-D7F7-4CD3-BD82-5EDB51ECDBDF}.Debug|Any CPU.Build.0 = Debug|Any CPU
		{01CC772D-D7F7-4CD3-BD82-5EDB51ECDBDF}.Release|Any CPU.ActiveCfg = Release|Any CPU
		{01CC772D-D7F7-4CD3-BD82-5EDB51ECDBDF}.Release|Any CPU.Build.0 = Release|Any CPU
		{02302F64-3F93-4A15-9CA0-1469AC9AC8FA}.Debug|Any CPU.ActiveCfg = Debug|Any CPU
		{02302F64-3F93-4A15-9CA0-1469AC9AC8FA}.Debug|Any CPU.Build.0 = Debug|Any CPU
		{02302F64-3F93-4A15-9CA0-1469AC9AC8FA}.Release|Any CPU.ActiveCfg = Release|Any CPU
		{02302F64-3F93-4A15-9CA0-1469AC9AC8FA}.Release|Any CPU.Build.0 = Release|Any CPU
	EndGlobalSection
	GlobalSection(SolutionProperties) = preSolution
		HideSolutionNode = FALSE
	EndGlobalSection
EndGlobal
